// !$*UTF8*$!
{
	archiveVersion = 1;
	classes = {
	};
	objectVersion = 50;
	objects = {

/* Begin PBXBuildFile section */
		49BA8640240A99F200EDFF8D /* AppDelegate.swift in Sources */ = {isa = PBXBuildFile; fileRef = 49BA863F240A99F200EDFF8D /* AppDelegate.swift */; };
		49BA8642240A99F200EDFF8D /* SceneDelegate.swift in Sources */ = {isa = PBXBuildFile; fileRef = 49BA8641240A99F200EDFF8D /* SceneDelegate.swift */; };
		49BA8644240A99F200EDFF8D /* ViewController.swift in Sources */ = {isa = PBXBuildFile; fileRef = 49BA8643240A99F200EDFF8D /* ViewController.swift */; };
		49BA8647240A99F200EDFF8D /* Main.storyboard in Resources */ = {isa = PBXBuildFile; fileRef = 49BA8645240A99F200EDFF8D /* Main.storyboard */; };
		49BA8649240A99F400EDFF8D /* Assets.xcassets in Resources */ = {isa = PBXBuildFile; fileRef = 49BA8648240A99F400EDFF8D /* Assets.xcassets */; };
		49BA864C240A99F400EDFF8D /* LaunchScreen.storyboard in Resources */ = {isa = PBXBuildFile; fileRef = 49BA864A240A99F400EDFF8D /* LaunchScreen.storyboard */; };
/* End PBXBuildFile section */

/* Begin PBXFileReference section */
		49BA863C240A99F200EDFF8D /* Day 5 - Getting Current Date and Time.app */ = {isa = PBXFileReference; explicitFileType = wrapper.application; includeInIndex = 0; path = "Day 5 - Getting Current Date and Time.app"; sourceTree = BUILT_PRODUCTS_DIR; };
		49BA863F240A99F200EDFF8D /* AppDelegate.swift */ = {isa = PBXFileReference; lastKnownFileType = sourcecode.swift; path = AppDelegate.swift; sourceTree = "<group>"; };
		49BA8641240A99F200EDFF8D /* SceneDelegate.swift */ = {isa = PBXFileReference; lastKnownFileType = sourcecode.swift; path = SceneDelegate.swift; sourceTree = "<group>"; };
		49BA8643240A99F200EDFF8D /* ViewController.swift */ = {isa = PBXFileReference; lastKnownFileType = sourcecode.swift; path = ViewController.swift; sourceTree = "<group>"; };
		49BA8646240A99F200EDFF8D /* Base */ = {isa = PBXFileReference; lastKnownFileType = file.storyboard; name = Base; path = Base.lproj/Main.storyboard; sourceTree = "<group>"; };
		49BA8648240A99F400EDFF8D /* Assets.xcassets */ = {isa = PBXFileReference; lastKnownFileType = folder.assetcatalog; path = Assets.xcassets; sourceTree = "<group>"; };
		49BA864B240A99F400EDFF8D /* Base */ = {isa = PBXFileReference; lastKnownFileType = file.storyboard; name = Base; path = Base.lproj/LaunchScreen.storyboard; sourceTree = "<group>"; };
		49BA864D240A99F400EDFF8D /* Info.plist */ = {isa = PBXFileReference; lastKnownFileType = text.plist.xml; path = Info.plist; sourceTree = "<group>"; };
/* End PBXFileReference section */

/* Begin PBXFrameworksBuildPhase section */
		49BA8639240A99F200EDFF8D /* Frameworks */ = {
			isa = PBXFrameworksBuildPhase;
			buildActionMask = 2147483647;
			files = (
			);
			runOnlyForDeploymentPostprocessing = 0;
		};
/* End PBXFrameworksBuildPhase section */

/* Begin PBXGroup section */
		49BA8633240A99F200EDFF8D = {
			isa = PBXGroup;
			children = (
				49BA863E240A99F200EDFF8D /* Day 5 - Getting Current Date and Time */,
				49BA863D240A99F200EDFF8D /* Products */,
			);
			sourceTree = "<group>";
		};
		49BA863D240A99F200EDFF8D /* Products */ = {
			isa = PBXGroup;
			children = (
				49BA863C240A99F200EDFF8D /* Day 5 - Getting Current Date and Time.app */,
			);
			name = Products;
			sourceTree = "<group>";
		};
		49BA863E240A99F200EDFF8D /* Day 5 - Getting Current Date and Time */ = {
			isa = PBXGroup;
			children = (
				49BA863F240A99F200EDFF8D /* AppDelegate.swift */,
				49BA8641240A99F200EDFF8D /* SceneDelegate.swift */,
				49BA8643240A99F200EDFF8D /* ViewController.swift */,
				49BA8645240A99F200EDFF8D /* Main.storyboard */,
				49BA8648240A99F400EDFF8D /* Assets.xcassets */,
				49BA864A240A99F400EDFF8D /* LaunchScreen.storyboard */,
				49BA864D240A99F400EDFF8D /* Info.plist */,
			);
			path = "Day 5 - Getting Current Date and Time";
			sourceTree = "<group>";
		};
/* End PBXGroup section */

/* Begin PBXNativeTarget section */
		49BA863B240A99F200EDFF8D /* Day 5 - Getting Current Date and Time */ = {
			isa = PBXNativeTarget;
			buildConfigurationList = 49BA8650240A99F400EDFF8D /* Build configuration list for PBXNativeTarget "Day 5 - Getting Current Date and Time" */;
			buildPhases = (
				49BA8638240A99F200EDFF8D /* Sources */,
				49BA8639240A99F200EDFF8D /* Frameworks */,
				49BA863A240A99F200EDFF8D /* Resources */,
			);
			buildRules = (
			);
			dependencies = (
			);
			name = "Day 5 - Getting Current Date and Time";
			productName = "Day 5 - Getting Current Date and Time";
			productReference = 49BA863C240A99F200EDFF8D /* Day 5 - Getting Current Date and Time.app */;
			productType = "com.apple.product-type.application";
		};
/* End PBXNativeTarget section */

/* Begin PBXProject section */
		49BA8634240A99F200EDFF8D /* Project object */ = {
			isa = PBXProject;
			attributes = {
				LastSwiftUpdateCheck = 1130;
				LastUpgradeCheck = 1130;
				ORGANIZATIONNAME = "Du Sai";
				TargetAttributes = {
					49BA863B240A99F200EDFF8D = {
						CreatedOnToolsVersion = 11.3.1;
					};
				};
			};
			buildConfigurationList = 49BA8637240A99F200EDFF8D /* Build configuration list for PBXProject "Day 5 - Getting Current Date and Time" */;
			compatibilityVersion = "Xcode 9.3";
			developmentRegion = en;
			hasScannedForEncodings = 0;
			knownRegions = (
				en,
				Base,
			);
			mainGroup = 49BA8633240A99F200EDFF8D;
			productRefGroup = 49BA863D240A99F200EDFF8D /* Products */;
			projectDirPath = "";
			projectRoot = "";
			targets = (
				49BA863B240A99F200EDFF8D /* Day 5 - Getting Current Date and Time */,
			);
		};
/* End PBXProject section */

/* Begin PBXResourcesBuildPhase section */
		49BA863A240A99F200EDFF8D /* Resources */ = {
			isa = PBXResourcesBuildPhase;
			buildActionMask = 2147483647;
			files = (
				49BA864C240A99F400EDFF8D /* LaunchScreen.storyboard in Resources */,
				49BA8649240A99F400EDFF8D /* Assets.xcassets in Resources */,
				49BA8647240A99F200EDFF8D /* Main.storyboard in Resources */,
			);
			runOnlyForDeploymentPostprocessing = 0;
		};
/* End PBXResourcesBuildPhase section */

/* Begin PBXSourcesBuildPhase section */
		49BA8638240A99F200EDFF8D /* Sources */ = {
			isa = PBXSourcesBuildPhase;
			buildActionMask = 2147483647;
			files = (
				49BA8644240A99F200EDFF8D /* ViewController.swift in Sources */,
				49BA8640240A99F200EDFF8D /* AppDelegate.swift in Sources */,
				49BA8642240A99F200EDFF8D /* SceneDelegate.swift in Sources */,
			);
			runOnlyForDeploymentPostprocessing = 0;
		};
/* End PBXSourcesBuildPhase section */

/* Begin PBXVariantGroup section */
		49BA8645240A99F200EDFF8D /* Main.storyboard */ = {
			isa = PBXVariantGroup;
			children = (
				49BA8646240A99F200EDFF8D /* Base */,
			);
			name = Main.storyboard;
			sourceTree = "<group>";
		};
		49BA864A240A99F400EDFF8D /* LaunchScreen.storyboard */ = {
			isa = PBXVariantGroup;
			children = (
				49BA864B240A99F400EDFF8D /* Base */,
			);
			name = LaunchScreen.storyboard;
			sourceTree = "<group>";
		};
/* End PBXVariantGroup section */

/* Begin XCBuildConfiguration section */
		49BA864E240A99F400EDFF8D /* Debug */ = {
			isa = XCBuildConfiguration;
			buildSettings = {
				ALWAYS_SEARCH_USER_PATHS = NO;
				CLANG_ANALYZER_NONNULL = YES;
				CLANG_ANALYZER_NUMBER_OBJECT_CONVERSION = YES_AGGRESSIVE;
				CLANG_CXX_LANGUAGE_STANDARD = "gnu++14";
				CLANG_CXX_LIBRARY = "libc++";
				CLANG_ENABLE_MODULES = YES;
				CLANG_ENABLE_OBJC_ARC = YES;
				CLANG_ENABLE_OBJC_WEAK = YES;
				CLANG_WARN_BLOCK_CAPTURE_AUTORELEASING = YES;
				CLANG_WARN_BOOL_CONVERSION = YES;
				CLANG_WARN_COMMA = YES;
				CLANG_WARN_CONSTANT_CONVERSION = YES;
				CLANG_WARN_DEPRECATED_OBJC_IMPLEMENTATIONS = YES;
				CLANG_WARN_DIRECT_OBJC_ISA_USAGE = YES_ERROR;
				CLANG_WARN_DOCUMENTATION_COMMENTS = YES;
				CLANG_WARN_EMPTY_BODY = YES;
				CLANG_WARN_ENUM_CONVERSION = YES;
				CLANG_WARN_INFINITE_RECURSION = YES;
				CLANG_WARN_INT_CONVERSION = YES;
				CLANG_WARN_NON_LITERAL_NULL_CONVERSION = YES;
				CLANG_WARN_OBJC_IMPLICIT_RETAIN_SELF = YES;
				CLANG_WARN_OBJC_LITERAL_CONVERSION = YES;
				CLANG_WARN_OBJC_ROOT_CLASS = YES_ERROR;
				CLANG_WARN_RANGE_LOOP_ANALYSIS = YES;
				CLANG_WARN_STRICT_PROTOTYPES = YES;
				CLANG_WARN_SUSPICIOUS_MOVE = YES;
				CLANG_WARN_UNGUARDED_AVAILABILITY = YES_AGGRESSIVE;
				CLANG_WARN_UNREACHABLE_CODE = YES;
				CLANG_WARN__DUPLICATE_METHOD_MATCH = YES;
				COPY_PHASE_STRIP = NO;
				DEBUG_INFORMATION_FORMAT = dwarf;
				ENABLE_STRICT_OBJC_MSGSEND = YES;
				ENABLE_TESTABILITY = YES;
				GCC_C_LANGUAGE_STANDARD = gnu11;
				GCC_DYNAMIC_NO_PIC = NO;
				GCC_NO_COMMON_BLOCKS = YES;
				GCC_OPTIMIZATION_LEVEL = 0;
				GCC_PREPROCESSOR_DEFINITIONS = (
					"DEBUG=1",
					"$(inherited)",
				);
				GCC_WARN_64_TO_32_BIT_CONVERSION = YES;
				GCC_WARN_ABOUT_RETURN_TYPE = YES_ERROR;
				GCC_WARN_UNDECLARED_SELECTOR = YES;
				GCC_WARN_UNINITIALIZED_AUTOS = YES_AGGRESSIVE;
				GCC_WARN_UNUSED_FUNCTION = YES;
				GCC_WARN_UNUSED_VARIABLE = YES;
				IPHONEOS_DEPLOYMENT_TARGET = 13.2;
				MTL_ENABLE_DEBUG_INFO = INCLUDE_SOURCE;
				MTL_FAST_MATH = YES;
				ONLY_ACTIVE_ARCH = YES;
				SDKROOT = iphoneos;
				SWIFT_ACTIVE_COMPILATION_CONDITIONS = DEBUG;
				SWIFT_OPTIMIZATION_LEVEL = "-Onone";
			};
			name = Debug;
		};
		49BA864F240A99F400EDFF8D /* Release */ = {
			isa = XCBuildConfiguration;
			buildSettings = {
				ALWAYS_SEARCH_USER_PATHS = NO;
				CLANG_ANALYZER_NONNULL = YES;
				CLANG_ANALYZER_NUMBER_OBJECT_CONVERSION = YES_AGGRESSIVE;
				CLANG_CXX_LANGUAGE_STANDARD = "gnu++14";
				CLANG_CXX_LIBRARY = "libc++";
				CLANG_ENABLE_MODULES = YES;
				CLANG_ENABLE_OBJC_ARC = YES;
				CLANG_ENABLE_OBJC_WEAK = YES;
				CLANG_WARN_BLOCK_CAPTURE_AUTORELEASING = YES;
				CLANG_WARN_BOOL_CONVERSION = YES;
				CLANG_WARN_COMMA = YES;
				CLANG_WARN_CONSTANT_CONVERSION = YES;
				CLANG_WARN_DEPRECATED_OBJC_IMPLEMENTATIONS = YES;
				CLANG_WARN_DIRECT_OBJC_ISA_USAGE = YES_ERROR;
				CLANG_WARN_DOCUMENTATION_COMMENTS = YES;
				CLANG_WARN_EMPTY_BODY = YES;
				CLANG_WARN_ENUM_CONVERSION = YES;
				CLANG_WARN_INFINITE_RECURSION = YES;
				CLANG_WARN_INT_CONVERSION = YES;
				CLANG_WARN_NON_LITERAL_NULL_CONVERSION = YES;
				CLANG_WARN_OBJC_IMPLICIT_RETAIN_SELF = YES;
				CLANG_WARN_OBJC_LITERAL_CONVERSION = YES;
				CLANG_WARN_OBJC_ROOT_CLASS = YES_ERROR;
				CLANG_WARN_RANGE_LOOP_ANALYSIS = YES;
				CLANG_WARN_STRICT_PROTOTYPES = YES;
				CLANG_WARN_SUSPICIOUS_MOVE = YES;
				CLANG_WARN_UNGUARDED_AVAILABILITY = YES_AGGRESSIVE;
				CLANG_WARN_UNREACHABLE_CODE = YES;
				CLANG_WARN__DUPLICATE_METHOD_MATCH = YES;
				COPY_PHASE_STRIP = NO;
				DEBUG_INFORMATION_FORMAT = "dwarf-with-dsym";
				ENABLE_NS_ASSERTIONS = NO;
				ENABLE_STRICT_OBJC_MSGSEND = YES;
				GCC_C_LANGUAGE_STANDARD = gnu11;
				GCC_NO_COMMON_BLOCKS = YES;
				GCC_WARN_64_TO_32_BIT_CONVERSION = YES;
				GCC_WARN_ABOUT_RETURN_TYPE = YES_ERROR;
				GCC_WARN_UNDECLARED_SELECTOR = YES;
				GCC_WARN_UNINITIALIZED_AUTOS = YES_AGGRESSIVE;
				GCC_WARN_UNUSED_FUNCTION = YES;
				GCC_WARN_UNUSED_VARIABLE = YES;
				IPHONEOS_DEPLOYMENT_TARGET = 13.2;
				MTL_ENABLE_DEBUG_INFO = NO;
				MTL_FAST_MATH = YES;
				SDKROOT = iphoneos;
				SWIFT_COMPILATION_MODE = wholemodule;
				SWIFT_OPTIMIZATION_LEVEL = "-O";
				VALIDATE_PRODUCT = YES;
			};
			name = Release;
		};
		49BA8651240A99F400EDFF8D /* Debug */ = {
			isa = XCBuildConfiguration;
			buildSettings = {
				ASSETCATALOG_COMPILER_APPICON_NAME = AppIcon;
				CODE_SIGN_STYLE = Automatic;
				DEVELOPMENT_TEAM = GP82W3YVGV;
				INFOPLIST_FILE = "Day 5 - Getting Current Date and Time/Info.plist";
				LD_RUNPATH_SEARCH_PATHS = (
					"$(inherited)",
					"@executable_path/Frameworks",
				);
				PRODUCT_BUNDLE_IDENTIFIER = "com.dusaiphoto.Day-5---Getting-Current-Date-and-Time";
				PRODUCT_NAME = "$(TARGET_NAME)";
				SWIFT_VERSION = 5.0;
				TARGETED_DEVICE_FAMILY = "1,2";
			};
			name = Debug;
		};
		49BA8652240A99F400EDFF8D /* Release */ = {
			isa = XCBuildConfiguration;
			buildSettings = {
				ASSETCATALOG_COMPILER_APPICON_NAME = AppIcon;
				CODE_SIGN_STYLE = Automatic;
				DEVELOPMENT_TEAM = GP82W3YVGV;
				INFOPLIST_FILE = "Day 5 - Getting Current Date and Time/Info.plist";
				LD_RUNPATH_SEARCH_PATHS = (
					"$(inherited)",
					"@executable_path/Frameworks",
				);
				PRODUCT_BUNDLE_IDENTIFIER = "com.dusaiphoto.Day-5---Getting-Current-Date-and-Time";
				PRODUCT_NAME = "$(TARGET_NAME)";
				SWIFT_VERSION = 5.0;
				TARGETED_DEVICE_FAMILY = "1,2";
			};
			name = Release;
		};
/* End XCBuildConfiguration section */

/* Begin XCConfigurationList section */
		49BA8637240A99F200EDFF8D /* Build configuration list for PBXProject "Day 5 - Getting Current Date and Time" */ = {
			isa = XCConfigurationList;
			buildConfigurations = (
				49BA864E240A99F400EDFF8D /* Debug */,
				49BA864F240A99F400EDFF8D /* Release */,
			);
			defaultConfigurationIsVisible = 0;
			defaultConfigurationName = Release;
		};
		49BA8650240A99F400EDFF8D /* Build configuration list for PBXNativeTarget "Day 5 - Getting Current Date and Time" */ = {
			isa = XCConfigurationList;
			buildConfigurations = (
				49BA8651240A99F400EDFF8D /* Debug */,
				49BA8652240A99F400EDFF8D /* Release */,
			);
			defaultConfigurationIsVisible = 0;
			defaultConfigurationName = Release;
		};
/* End XCConfigurationList section */
	};
	rootObject = 49BA8634240A99F200EDFF8D /* Project object */;
}
