// !$*UTF8*$!
{
	archiveVersion = 1;
	classes = {
	};
	objectVersion = 50;
	objects = {

/* Begin PBXBuildFile section */
		49BC1FFF242AC57F00827C29 /* AppDelegate.swift in Sources */ = {isa = PBXBuildFile; fileRef = 49BC1FFE242AC57F00827C29 /* AppDelegate.swift */; };
		49BC2001242AC57F00827C29 /* SceneDelegate.swift in Sources */ = {isa = PBXBuildFile; fileRef = 49BC2000242AC57F00827C29 /* SceneDelegate.swift */; };
		49BC2003242AC57F00827C29 /* ViewController.swift in Sources */ = {isa = PBXBuildFile; fileRef = 49BC2002242AC57F00827C29 /* ViewController.swift */; };
		49BC2006242AC57F00827C29 /* Main.storyboard in Resources */ = {isa = PBXBuildFile; fileRef = 49BC2004242AC57F00827C29 /* Main.storyboard */; };
		49BC2008242AC58300827C29 /* Assets.xcassets in Resources */ = {isa = PBXBuildFile; fileRef = 49BC2007242AC58300827C29 /* Assets.xcassets */; };
		49BC200B242AC58300827C29 /* LaunchScreen.storyboard in Resources */ = {isa = PBXBuildFile; fileRef = 49BC2009242AC58300827C29 /* LaunchScreen.storyboard */; };
		49BC2013242ACAA300827C29 /* LocalNotificationManager.swift in Sources */ = {isa = PBXBuildFile; fileRef = 49BC2012242ACAA300827C29 /* LocalNotificationManager.swift */; };
/* End PBXBuildFile section */

/* Begin PBXFileReference section */
		49BC1FFB242AC57F00827C29 /* Day24-LocalNotification.app */ = {isa = PBXFileReference; explicitFileType = wrapper.application; includeInIndex = 0; path = "Day24-LocalNotification.app"; sourceTree = BUILT_PRODUCTS_DIR; };
		49BC1FFE242AC57F00827C29 /* AppDelegate.swift */ = {isa = PBXFileReference; lastKnownFileType = sourcecode.swift; path = AppDelegate.swift; sourceTree = "<group>"; };
		49BC2000242AC57F00827C29 /* SceneDelegate.swift */ = {isa = PBXFileReference; lastKnownFileType = sourcecode.swift; path = SceneDelegate.swift; sourceTree = "<group>"; };
		49BC2002242AC57F00827C29 /* ViewController.swift */ = {isa = PBXFileReference; lastKnownFileType = sourcecode.swift; path = ViewController.swift; sourceTree = "<group>"; };
		49BC2005242AC57F00827C29 /* Base */ = {isa = PBXFileReference; lastKnownFileType = file.storyboard; name = Base; path = Base.lproj/Main.storyboard; sourceTree = "<group>"; };
		49BC2007242AC58300827C29 /* Assets.xcassets */ = {isa = PBXFileReference; lastKnownFileType = folder.assetcatalog; path = Assets.xcassets; sourceTree = "<group>"; };
		49BC200A242AC58300827C29 /* Base */ = {isa = PBXFileReference; lastKnownFileType = file.storyboard; name = Base; path = Base.lproj/LaunchScreen.storyboard; sourceTree = "<group>"; };
		49BC200C242AC58300827C29 /* Info.plist */ = {isa = PBXFileReference; lastKnownFileType = text.plist.xml; path = Info.plist; sourceTree = "<group>"; };
		49BC2012242ACAA300827C29 /* LocalNotificationManager.swift */ = {isa = PBXFileReference; lastKnownFileType = sourcecode.swift; path = LocalNotificationManager.swift; sourceTree = "<group>"; };
/* End PBXFileReference section */

/* Begin PBXFrameworksBuildPhase section */
		49BC1FF8242AC57F00827C29 /* Frameworks */ = {
			isa = PBXFrameworksBuildPhase;
			buildActionMask = 2147483647;
			files = (
			);
			runOnlyForDeploymentPostprocessing = 0;
		};
/* End PBXFrameworksBuildPhase section */

/* Begin PBXGroup section */
		49BC1FF2242AC57F00827C29 = {
			isa = PBXGroup;
			children = (
				49BC1FFD242AC57F00827C29 /* Day24-LocalNotification */,
				49BC1FFC242AC57F00827C29 /* Products */,
			);
			sourceTree = "<group>";
		};
		49BC1FFC242AC57F00827C29 /* Products */ = {
			isa = PBXGroup;
			children = (
				49BC1FFB242AC57F00827C29 /* Day24-LocalNotification.app */,
			);
			name = Products;
			sourceTree = "<group>";
		};
		49BC1FFD242AC57F00827C29 /* Day24-LocalNotification */ = {
			isa = PBXGroup;
			children = (
				49BC1FFE242AC57F00827C29 /* AppDelegate.swift */,
				49BC2000242AC57F00827C29 /* SceneDelegate.swift */,
				49BC2002242AC57F00827C29 /* ViewController.swift */,
				49BC2004242AC57F00827C29 /* Main.storyboard */,
				49BC2007242AC58300827C29 /* Assets.xcassets */,
				49BC2009242AC58300827C29 /* LaunchScreen.storyboard */,
				49BC200C242AC58300827C29 /* Info.plist */,
				49BC2012242ACAA300827C29 /* LocalNotificationManager.swift */,
			);
			path = "Day24-LocalNotification";
			sourceTree = "<group>";
		};
/* End PBXGroup section */

/* Begin PBXNativeTarget section */
		49BC1FFA242AC57F00827C29 /* Day24-LocalNotification */ = {
			isa = PBXNativeTarget;
			buildConfigurationList = 49BC200F242AC58300827C29 /* Build configuration list for PBXNativeTarget "Day24-LocalNotification" */;
			buildPhases = (
				49BC1FF7242AC57F00827C29 /* Sources */,
				49BC1FF8242AC57F00827C29 /* Frameworks */,
				49BC1FF9242AC57F00827C29 /* Resources */,
			);
			buildRules = (
			);
			dependencies = (
			);
			name = "Day24-LocalNotification";
			productName = "Day24-LocalNotification";
			productReference = 49BC1FFB242AC57F00827C29 /* Day24-LocalNotification.app */;
			productType = "com.apple.product-type.application";
		};
/* End PBXNativeTarget section */

/* Begin PBXProject section */
		49BC1FF3242AC57F00827C29 /* Project object */ = {
			isa = PBXProject;
			attributes = {
				LastSwiftUpdateCheck = 1130;
				LastUpgradeCheck = 1130;
				ORGANIZATIONNAME = "Du Sai";
				TargetAttributes = {
					49BC1FFA242AC57F00827C29 = {
						CreatedOnToolsVersion = 11.3.1;
					};
				};
			};
			buildConfigurationList = 49BC1FF6242AC57F00827C29 /* Build configuration list for PBXProject "Day24-LocalNotification" */;
			compatibilityVersion = "Xcode 9.3";
			developmentRegion = en;
			hasScannedForEncodings = 0;
			knownRegions = (
				en,
				Base,
			);
			mainGroup = 49BC1FF2242AC57F00827C29;
			productRefGroup = 49BC1FFC242AC57F00827C29 /* Products */;
			projectDirPath = "";
			projectRoot = "";
			targets = (
				49BC1FFA242AC57F00827C29 /* Day24-LocalNotification */,
			);
		};
/* End PBXProject section */

/* Begin PBXResourcesBuildPhase section */
		49BC1FF9242AC57F00827C29 /* Resources */ = {
			isa = PBXResourcesBuildPhase;
			buildActionMask = 2147483647;
			files = (
				49BC200B242AC58300827C29 /* LaunchScreen.storyboard in Resources */,
				49BC2008242AC58300827C29 /* Assets.xcassets in Resources */,
				49BC2006242AC57F00827C29 /* Main.storyboard in Resources */,
			);
			runOnlyForDeploymentPostprocessing = 0;
		};
/* End PBXResourcesBuildPhase section */

/* Begin PBXSourcesBuildPhase section */
		49BC1FF7242AC57F00827C29 /* Sources */ = {
			isa = PBXSourcesBuildPhase;
			buildActionMask = 2147483647;
			files = (
				49BC2003242AC57F00827C29 /* ViewController.swift in Sources */,
				49BC1FFF242AC57F00827C29 /* AppDelegate.swift in Sources */,
				49BC2013242ACAA300827C29 /* LocalNotificationManager.swift in Sources */,
				49BC2001242AC57F00827C29 /* SceneDelegate.swift in Sources */,
			);
			runOnlyForDeploymentPostprocessing = 0;
		};
/* End PBXSourcesBuildPhase section */

/* Begin PBXVariantGroup section */
		49BC2004242AC57F00827C29 /* Main.storyboard */ = {
			isa = PBXVariantGroup;
			children = (
				49BC2005242AC57F00827C29 /* Base */,
			);
			name = Main.storyboard;
			sourceTree = "<group>";
		};
		49BC2009242AC58300827C29 /* LaunchScreen.storyboard */ = {
			isa = PBXVariantGroup;
			children = (
				49BC200A242AC58300827C29 /* Base */,
			);
			name = LaunchScreen.storyboard;
			sourceTree = "<group>";
		};
/* End PBXVariantGroup section */

/* Begin XCBuildConfiguration section */
		49BC200D242AC58300827C29 /* Debug */ = {
			isa = XCBuildConfiguration;
			buildSettings = {
				ALWAYS_SEARCH_USER_PATHS = NO;
				CLANG_ANALYZER_NONNULL = YES;
				CLANG_ANALYZER_NUMBER_OBJECT_CONVERSION = YES_AGGRESSIVE;
				CLANG_CXX_LANGUAGE_STANDARD = "gnu++14";
				CLANG_CXX_LIBRARY = "libc++";
				CLANG_ENABLE_MODULES = YES;
				CLANG_ENABLE_OBJC_ARC = YES;
				CLANG_ENABLE_OBJC_WEAK = YES;
				CLANG_WARN_BLOCK_CAPTURE_AUTORELEASING = YES;
				CLANG_WARN_BOOL_CONVERSION = YES;
				CLANG_WARN_COMMA = YES;
				CLANG_WARN_CONSTANT_CONVERSION = YES;
				CLANG_WARN_DEPRECATED_OBJC_IMPLEMENTATIONS = YES;
				CLANG_WARN_DIRECT_OBJC_ISA_USAGE = YES_ERROR;
				CLANG_WARN_DOCUMENTATION_COMMENTS = YES;
				CLANG_WARN_EMPTY_BODY = YES;
				CLANG_WARN_ENUM_CONVERSION = YES;
				CLANG_WARN_INFINITE_RECURSION = YES;
				CLANG_WARN_INT_CONVERSION = YES;
				CLANG_WARN_NON_LITERAL_NULL_CONVERSION = YES;
				CLANG_WARN_OBJC_IMPLICIT_RETAIN_SELF = YES;
				CLANG_WARN_OBJC_LITERAL_CONVERSION = YES;
				CLANG_WARN_OBJC_ROOT_CLASS = YES_ERROR;
				CLANG_WARN_RANGE_LOOP_ANALYSIS = YES;
				CLANG_WARN_STRICT_PROTOTYPES = YES;
				CLANG_WARN_SUSPICIOUS_MOVE = YES;
				CLANG_WARN_UNGUARDED_AVAILABILITY = YES_AGGRESSIVE;
				CLANG_WARN_UNREACHABLE_CODE = YES;
				CLANG_WARN__DUPLICATE_METHOD_MATCH = YES;
				COPY_PHASE_STRIP = NO;
				DEBUG_INFORMATION_FORMAT = dwarf;
				ENABLE_STRICT_OBJC_MSGSEND = YES;
				ENABLE_TESTABILITY = YES;
				GCC_C_LANGUAGE_STANDARD = gnu11;
				GCC_DYNAMIC_NO_PIC = NO;
				GCC_NO_COMMON_BLOCKS = YES;
				GCC_OPTIMIZATION_LEVEL = 0;
				GCC_PREPROCESSOR_DEFINITIONS = (
					"DEBUG=1",
					"$(inherited)",
				);
				GCC_WARN_64_TO_32_BIT_CONVERSION = YES;
				GCC_WARN_ABOUT_RETURN_TYPE = YES_ERROR;
				GCC_WARN_UNDECLARED_SELECTOR = YES;
				GCC_WARN_UNINITIALIZED_AUTOS = YES_AGGRESSIVE;
				GCC_WARN_UNUSED_FUNCTION = YES;
				GCC_WARN_UNUSED_VARIABLE = YES;
				IPHONEOS_DEPLOYMENT_TARGET = 13.2;
				MTL_ENABLE_DEBUG_INFO = INCLUDE_SOURCE;
				MTL_FAST_MATH = YES;
				ONLY_ACTIVE_ARCH = YES;
				SDKROOT = iphoneos;
				SWIFT_ACTIVE_COMPILATION_CONDITIONS = DEBUG;
				SWIFT_OPTIMIZATION_LEVEL = "-Onone";
			};
			name = Debug;
		};
		49BC200E242AC58300827C29 /* Release */ = {
			isa = XCBuildConfiguration;
			buildSettings = {
				ALWAYS_SEARCH_USER_PATHS = NO;
				CLANG_ANALYZER_NONNULL = YES;
				CLANG_ANALYZER_NUMBER_OBJECT_CONVERSION = YES_AGGRESSIVE;
				CLANG_CXX_LANGUAGE_STANDARD = "gnu++14";
				CLANG_CXX_LIBRARY = "libc++";
				CLANG_ENABLE_MODULES = YES;
				CLANG_ENABLE_OBJC_ARC = YES;
				CLANG_ENABLE_OBJC_WEAK = YES;
				CLANG_WARN_BLOCK_CAPTURE_AUTORELEASING = YES;
				CLANG_WARN_BOOL_CONVERSION = YES;
				CLANG_WARN_COMMA = YES;
				CLANG_WARN_CONSTANT_CONVERSION = YES;
				CLANG_WARN_DEPRECATED_OBJC_IMPLEMENTATIONS = YES;
				CLANG_WARN_DIRECT_OBJC_ISA_USAGE = YES_ERROR;
				CLANG_WARN_DOCUMENTATION_COMMENTS = YES;
				CLANG_WARN_EMPTY_BODY = YES;
				CLANG_WARN_ENUM_CONVERSION = YES;
				CLANG_WARN_INFINITE_RECURSION = YES;
				CLANG_WARN_INT_CONVERSION = YES;
				CLANG_WARN_NON_LITERAL_NULL_CONVERSION = YES;
				CLANG_WARN_OBJC_IMPLICIT_RETAIN_SELF = YES;
				CLANG_WARN_OBJC_LITERAL_CONVERSION = YES;
				CLANG_WARN_OBJC_ROOT_CLASS = YES_ERROR;
				CLANG_WARN_RANGE_LOOP_ANALYSIS = YES;
				CLANG_WARN_STRICT_PROTOTYPES = YES;
				CLANG_WARN_SUSPICIOUS_MOVE = YES;
				CLANG_WARN_UNGUARDED_AVAILABILITY = YES_AGGRESSIVE;
				CLANG_WARN_UNREACHABLE_CODE = YES;
				CLANG_WARN__DUPLICATE_METHOD_MATCH = YES;
				COPY_PHASE_STRIP = NO;
				DEBUG_INFORMATION_FORMAT = "dwarf-with-dsym";
				ENABLE_NS_ASSERTIONS = NO;
				ENABLE_STRICT_OBJC_MSGSEND = YES;
				GCC_C_LANGUAGE_STANDARD = gnu11;
				GCC_NO_COMMON_BLOCKS = YES;
				GCC_WARN_64_TO_32_BIT_CONVERSION = YES;
				GCC_WARN_ABOUT_RETURN_TYPE = YES_ERROR;
				GCC_WARN_UNDECLARED_SELECTOR = YES;
				GCC_WARN_UNINITIALIZED_AUTOS = YES_AGGRESSIVE;
				GCC_WARN_UNUSED_FUNCTION = YES;
				GCC_WARN_UNUSED_VARIABLE = YES;
				IPHONEOS_DEPLOYMENT_TARGET = 13.2;
				MTL_ENABLE_DEBUG_INFO = NO;
				MTL_FAST_MATH = YES;
				SDKROOT = iphoneos;
				SWIFT_COMPILATION_MODE = wholemodule;
				SWIFT_OPTIMIZATION_LEVEL = "-O";
				VALIDATE_PRODUCT = YES;
			};
			name = Release;
		};
		49BC2010242AC58300827C29 /* Debug */ = {
			isa = XCBuildConfiguration;
			buildSettings = {
				ASSETCATALOG_COMPILER_APPICON_NAME = AppIcon;
				CODE_SIGN_STYLE = Automatic;
				DEVELOPMENT_TEAM = GP82W3YVGV;
				INFOPLIST_FILE = "Day24-LocalNotification/Info.plist";
				LD_RUNPATH_SEARCH_PATHS = (
					"$(inherited)",
					"@executable_path/Frameworks",
				);
				PRODUCT_BUNDLE_IDENTIFIER = "com.dusaiphoto.Day24-LocalNotification";
				PRODUCT_NAME = "$(TARGET_NAME)";
				SWIFT_VERSION = 5.0;
				TARGETED_DEVICE_FAMILY = "1,2";
			};
			name = Debug;
		};
		49BC2011242AC58300827C29 /* Release */ = {
			isa = XCBuildConfiguration;
			buildSettings = {
				ASSETCATALOG_COMPILER_APPICON_NAME = AppIcon;
				CODE_SIGN_STYLE = Automatic;
				DEVELOPMENT_TEAM = GP82W3YVGV;
				INFOPLIST_FILE = "Day24-LocalNotification/Info.plist";
				LD_RUNPATH_SEARCH_PATHS = (
					"$(inherited)",
					"@executable_path/Frameworks",
				);
				PRODUCT_BUNDLE_IDENTIFIER = "com.dusaiphoto.Day24-LocalNotification";
				PRODUCT_NAME = "$(TARGET_NAME)";
				SWIFT_VERSION = 5.0;
				TARGETED_DEVICE_FAMILY = "1,2";
			};
			name = Release;
		};
/* End XCBuildConfiguration section */

/* Begin XCConfigurationList section */
		49BC1FF6242AC57F00827C29 /* Build configuration list for PBXProject "Day24-LocalNotification" */ = {
			isa = XCConfigurationList;
			buildConfigurations = (
				49BC200D242AC58300827C29 /* Debug */,
				49BC200E242AC58300827C29 /* Release */,
			);
			defaultConfigurationIsVisible = 0;
			defaultConfigurationName = Release;
		};
		49BC200F242AC58300827C29 /* Build configuration list for PBXNativeTarget "Day24-LocalNotification" */ = {
			isa = XCConfigurationList;
			buildConfigurations = (
				49BC2010242AC58300827C29 /* Debug */,
				49BC2011242AC58300827C29 /* Release */,
			);
			defaultConfigurationIsVisible = 0;
			defaultConfigurationName = Release;
		};
/* End XCConfigurationList section */
	};
	rootObject = 49BC1FF3242AC57F00827C29 /* Project object */;
}
