// !$*UTF8*$!
{
	archiveVersion = 1;
	classes = {
	};
	objectVersion = 50;
	objects = {

/* Begin PBXBuildFile section */
		49252F64241A7A6E00C1A10B /* AppDelegate.swift in Sources */ = {isa = PBXBuildFile; fileRef = 49252F63241A7A6E00C1A10B /* AppDelegate.swift */; };
		49252F66241A7A6E00C1A10B /* SceneDelegate.swift in Sources */ = {isa = PBXBuildFile; fileRef = 49252F65241A7A6E00C1A10B /* SceneDelegate.swift */; };
		49252F6B241A7A6E00C1A10B /* Main.storyboard in Resources */ = {isa = PBXBuildFile; fileRef = 49252F69241A7A6E00C1A10B /* Main.storyboard */; };
		49252F6D241A7A7200C1A10B /* Assets.xcassets in Resources */ = {isa = PBXBuildFile; fileRef = 49252F6C241A7A7200C1A10B /* Assets.xcassets */; };
		49252F70241A7A7200C1A10B /* LaunchScreen.storyboard in Resources */ = {isa = PBXBuildFile; fileRef = 49252F6E241A7A7200C1A10B /* LaunchScreen.storyboard */; };
		49252F78241A7C3500C1A10B /* CollectionViewController.swift in Sources */ = {isa = PBXBuildFile; fileRef = 49252F77241A7C3500C1A10B /* CollectionViewController.swift */; };
/* End PBXBuildFile section */

/* Begin PBXFileReference section */
		49252F60241A7A6E00C1A10B /* Day 17 - Basic Collection View.app */ = {isa = PBXFileReference; explicitFileType = wrapper.application; includeInIndex = 0; path = "Day 17 - Basic Collection View.app"; sourceTree = BUILT_PRODUCTS_DIR; };
		49252F63241A7A6E00C1A10B /* AppDelegate.swift */ = {isa = PBXFileReference; lastKnownFileType = sourcecode.swift; path = AppDelegate.swift; sourceTree = "<group>"; };
		49252F65241A7A6E00C1A10B /* SceneDelegate.swift */ = {isa = PBXFileReference; lastKnownFileType = sourcecode.swift; path = SceneDelegate.swift; sourceTree = "<group>"; };
		49252F6A241A7A6E00C1A10B /* Base */ = {isa = PBXFileReference; lastKnownFileType = file.storyboard; name = Base; path = Base.lproj/Main.storyboard; sourceTree = "<group>"; };
		49252F6C241A7A7200C1A10B /* Assets.xcassets */ = {isa = PBXFileReference; lastKnownFileType = folder.assetcatalog; path = Assets.xcassets; sourceTree = "<group>"; };
		49252F6F241A7A7200C1A10B /* Base */ = {isa = PBXFileReference; lastKnownFileType = file.storyboard; name = Base; path = Base.lproj/LaunchScreen.storyboard; sourceTree = "<group>"; };
		49252F71241A7A7200C1A10B /* Info.plist */ = {isa = PBXFileReference; lastKnownFileType = text.plist.xml; path = Info.plist; sourceTree = "<group>"; };
		49252F77241A7C3500C1A10B /* CollectionViewController.swift */ = {isa = PBXFileReference; lastKnownFileType = sourcecode.swift; path = CollectionViewController.swift; sourceTree = "<group>"; };
/* End PBXFileReference section */

/* Begin PBXFrameworksBuildPhase section */
		49252F5D241A7A6E00C1A10B /* Frameworks */ = {
			isa = PBXFrameworksBuildPhase;
			buildActionMask = 2147483647;
			files = (
			);
			runOnlyForDeploymentPostprocessing = 0;
		};
/* End PBXFrameworksBuildPhase section */

/* Begin PBXGroup section */
		49252F57241A7A6E00C1A10B = {
			isa = PBXGroup;
			children = (
				49252F62241A7A6E00C1A10B /* Day 17 - Basic Collection View */,
				49252F61241A7A6E00C1A10B /* Products */,
			);
			sourceTree = "<group>";
		};
		49252F61241A7A6E00C1A10B /* Products */ = {
			isa = PBXGroup;
			children = (
				49252F60241A7A6E00C1A10B /* Day 17 - Basic Collection View.app */,
			);
			name = Products;
			sourceTree = "<group>";
		};
		49252F62241A7A6E00C1A10B /* Day 17 - Basic Collection View */ = {
			isa = PBXGroup;
			children = (
				49252F63241A7A6E00C1A10B /* AppDelegate.swift */,
				49252F65241A7A6E00C1A10B /* SceneDelegate.swift */,
				49252F77241A7C3500C1A10B /* CollectionViewController.swift */,
				49252F69241A7A6E00C1A10B /* Main.storyboard */,
				49252F6C241A7A7200C1A10B /* Assets.xcassets */,
				49252F6E241A7A7200C1A10B /* LaunchScreen.storyboard */,
				49252F71241A7A7200C1A10B /* Info.plist */,
			);
			path = "Day 17 - Basic Collection View";
			sourceTree = "<group>";
		};
/* End PBXGroup section */

/* Begin PBXNativeTarget section */
		49252F5F241A7A6E00C1A10B /* Day 17 - Basic Collection View */ = {
			isa = PBXNativeTarget;
			buildConfigurationList = 49252F74241A7A7200C1A10B /* Build configuration list for PBXNativeTarget "Day 17 - Basic Collection View" */;
			buildPhases = (
				49252F5C241A7A6E00C1A10B /* Sources */,
				49252F5D241A7A6E00C1A10B /* Frameworks */,
				49252F5E241A7A6E00C1A10B /* Resources */,
			);
			buildRules = (
			);
			dependencies = (
			);
			name = "Day 17 - Basic Collection View";
			productName = "Day 17 - Basic Collection View";
			productReference = 49252F60241A7A6E00C1A10B /* Day 17 - Basic Collection View.app */;
			productType = "com.apple.product-type.application";
		};
/* End PBXNativeTarget section */

/* Begin PBXProject section */
		49252F58241A7A6E00C1A10B /* Project object */ = {
			isa = PBXProject;
			attributes = {
				LastSwiftUpdateCheck = 1130;
				LastUpgradeCheck = 1130;
				ORGANIZATIONNAME = "Du Sai";
				TargetAttributes = {
					49252F5F241A7A6E00C1A10B = {
						CreatedOnToolsVersion = 11.3.1;
					};
				};
			};
			buildConfigurationList = 49252F5B241A7A6E00C1A10B /* Build configuration list for PBXProject "Day 17 - Basic Collection View" */;
			compatibilityVersion = "Xcode 9.3";
			developmentRegion = en;
			hasScannedForEncodings = 0;
			knownRegions = (
				en,
				Base,
			);
			mainGroup = 49252F57241A7A6E00C1A10B;
			productRefGroup = 49252F61241A7A6E00C1A10B /* Products */;
			projectDirPath = "";
			projectRoot = "";
			targets = (
				49252F5F241A7A6E00C1A10B /* Day 17 - Basic Collection View */,
			);
		};
/* End PBXProject section */

/* Begin PBXResourcesBuildPhase section */
		49252F5E241A7A6E00C1A10B /* Resources */ = {
			isa = PBXResourcesBuildPhase;
			buildActionMask = 2147483647;
			files = (
				49252F70241A7A7200C1A10B /* LaunchScreen.storyboard in Resources */,
				49252F6D241A7A7200C1A10B /* Assets.xcassets in Resources */,
				49252F6B241A7A6E00C1A10B /* Main.storyboard in Resources */,
			);
			runOnlyForDeploymentPostprocessing = 0;
		};
/* End PBXResourcesBuildPhase section */

/* Begin PBXSourcesBuildPhase section */
		49252F5C241A7A6E00C1A10B /* Sources */ = {
			isa = PBXSourcesBuildPhase;
			buildActionMask = 2147483647;
			files = (
				49252F78241A7C3500C1A10B /* CollectionViewController.swift in Sources */,
				49252F64241A7A6E00C1A10B /* AppDelegate.swift in Sources */,
				49252F66241A7A6E00C1A10B /* SceneDelegate.swift in Sources */,
			);
			runOnlyForDeploymentPostprocessing = 0;
		};
/* End PBXSourcesBuildPhase section */

/* Begin PBXVariantGroup section */
		49252F69241A7A6E00C1A10B /* Main.storyboard */ = {
			isa = PBXVariantGroup;
			children = (
				49252F6A241A7A6E00C1A10B /* Base */,
			);
			name = Main.storyboard;
			sourceTree = "<group>";
		};
		49252F6E241A7A7200C1A10B /* LaunchScreen.storyboard */ = {
			isa = PBXVariantGroup;
			children = (
				49252F6F241A7A7200C1A10B /* Base */,
			);
			name = LaunchScreen.storyboard;
			sourceTree = "<group>";
		};
/* End PBXVariantGroup section */

/* Begin XCBuildConfiguration section */
		49252F72241A7A7200C1A10B /* Debug */ = {
			isa = XCBuildConfiguration;
			buildSettings = {
				ALWAYS_SEARCH_USER_PATHS = NO;
				CLANG_ANALYZER_NONNULL = YES;
				CLANG_ANALYZER_NUMBER_OBJECT_CONVERSION = YES_AGGRESSIVE;
				CLANG_CXX_LANGUAGE_STANDARD = "gnu++14";
				CLANG_CXX_LIBRARY = "libc++";
				CLANG_ENABLE_MODULES = YES;
				CLANG_ENABLE_OBJC_ARC = YES;
				CLANG_ENABLE_OBJC_WEAK = YES;
				CLANG_WARN_BLOCK_CAPTURE_AUTORELEASING = YES;
				CLANG_WARN_BOOL_CONVERSION = YES;
				CLANG_WARN_COMMA = YES;
				CLANG_WARN_CONSTANT_CONVERSION = YES;
				CLANG_WARN_DEPRECATED_OBJC_IMPLEMENTATIONS = YES;
				CLANG_WARN_DIRECT_OBJC_ISA_USAGE = YES_ERROR;
				CLANG_WARN_DOCUMENTATION_COMMENTS = YES;
				CLANG_WARN_EMPTY_BODY = YES;
				CLANG_WARN_ENUM_CONVERSION = YES;
				CLANG_WARN_INFINITE_RECURSION = YES;
				CLANG_WARN_INT_CONVERSION = YES;
				CLANG_WARN_NON_LITERAL_NULL_CONVERSION = YES;
				CLANG_WARN_OBJC_IMPLICIT_RETAIN_SELF = YES;
				CLANG_WARN_OBJC_LITERAL_CONVERSION = YES;
				CLANG_WARN_OBJC_ROOT_CLASS = YES_ERROR;
				CLANG_WARN_RANGE_LOOP_ANALYSIS = YES;
				CLANG_WARN_STRICT_PROTOTYPES = YES;
				CLANG_WARN_SUSPICIOUS_MOVE = YES;
				CLANG_WARN_UNGUARDED_AVAILABILITY = YES_AGGRESSIVE;
				CLANG_WARN_UNREACHABLE_CODE = YES;
				CLANG_WARN__DUPLICATE_METHOD_MATCH = YES;
				COPY_PHASE_STRIP = NO;
				DEBUG_INFORMATION_FORMAT = dwarf;
				ENABLE_STRICT_OBJC_MSGSEND = YES;
				ENABLE_TESTABILITY = YES;
				GCC_C_LANGUAGE_STANDARD = gnu11;
				GCC_DYNAMIC_NO_PIC = NO;
				GCC_NO_COMMON_BLOCKS = YES;
				GCC_OPTIMIZATION_LEVEL = 0;
				GCC_PREPROCESSOR_DEFINITIONS = (
					"DEBUG=1",
					"$(inherited)",
				);
				GCC_WARN_64_TO_32_BIT_CONVERSION = YES;
				GCC_WARN_ABOUT_RETURN_TYPE = YES_ERROR;
				GCC_WARN_UNDECLARED_SELECTOR = YES;
				GCC_WARN_UNINITIALIZED_AUTOS = YES_AGGRESSIVE;
				GCC_WARN_UNUSED_FUNCTION = YES;
				GCC_WARN_UNUSED_VARIABLE = YES;
				IPHONEOS_DEPLOYMENT_TARGET = 13.2;
				MTL_ENABLE_DEBUG_INFO = INCLUDE_SOURCE;
				MTL_FAST_MATH = YES;
				ONLY_ACTIVE_ARCH = YES;
				SDKROOT = iphoneos;
				SWIFT_ACTIVE_COMPILATION_CONDITIONS = DEBUG;
				SWIFT_OPTIMIZATION_LEVEL = "-Onone";
			};
			name = Debug;
		};
		49252F73241A7A7200C1A10B /* Release */ = {
			isa = XCBuildConfiguration;
			buildSettings = {
				ALWAYS_SEARCH_USER_PATHS = NO;
				CLANG_ANALYZER_NONNULL = YES;
				CLANG_ANALYZER_NUMBER_OBJECT_CONVERSION = YES_AGGRESSIVE;
				CLANG_CXX_LANGUAGE_STANDARD = "gnu++14";
				CLANG_CXX_LIBRARY = "libc++";
				CLANG_ENABLE_MODULES = YES;
				CLANG_ENABLE_OBJC_ARC = YES;
				CLANG_ENABLE_OBJC_WEAK = YES;
				CLANG_WARN_BLOCK_CAPTURE_AUTORELEASING = YES;
				CLANG_WARN_BOOL_CONVERSION = YES;
				CLANG_WARN_COMMA = YES;
				CLANG_WARN_CONSTANT_CONVERSION = YES;
				CLANG_WARN_DEPRECATED_OBJC_IMPLEMENTATIONS = YES;
				CLANG_WARN_DIRECT_OBJC_ISA_USAGE = YES_ERROR;
				CLANG_WARN_DOCUMENTATION_COMMENTS = YES;
				CLANG_WARN_EMPTY_BODY = YES;
				CLANG_WARN_ENUM_CONVERSION = YES;
				CLANG_WARN_INFINITE_RECURSION = YES;
				CLANG_WARN_INT_CONVERSION = YES;
				CLANG_WARN_NON_LITERAL_NULL_CONVERSION = YES;
				CLANG_WARN_OBJC_IMPLICIT_RETAIN_SELF = YES;
				CLANG_WARN_OBJC_LITERAL_CONVERSION = YES;
				CLANG_WARN_OBJC_ROOT_CLASS = YES_ERROR;
				CLANG_WARN_RANGE_LOOP_ANALYSIS = YES;
				CLANG_WARN_STRICT_PROTOTYPES = YES;
				CLANG_WARN_SUSPICIOUS_MOVE = YES;
				CLANG_WARN_UNGUARDED_AVAILABILITY = YES_AGGRESSIVE;
				CLANG_WARN_UNREACHABLE_CODE = YES;
				CLANG_WARN__DUPLICATE_METHOD_MATCH = YES;
				COPY_PHASE_STRIP = NO;
				DEBUG_INFORMATION_FORMAT = "dwarf-with-dsym";
				ENABLE_NS_ASSERTIONS = NO;
				ENABLE_STRICT_OBJC_MSGSEND = YES;
				GCC_C_LANGUAGE_STANDARD = gnu11;
				GCC_NO_COMMON_BLOCKS = YES;
				GCC_WARN_64_TO_32_BIT_CONVERSION = YES;
				GCC_WARN_ABOUT_RETURN_TYPE = YES_ERROR;
				GCC_WARN_UNDECLARED_SELECTOR = YES;
				GCC_WARN_UNINITIALIZED_AUTOS = YES_AGGRESSIVE;
				GCC_WARN_UNUSED_FUNCTION = YES;
				GCC_WARN_UNUSED_VARIABLE = YES;
				IPHONEOS_DEPLOYMENT_TARGET = 13.2;
				MTL_ENABLE_DEBUG_INFO = NO;
				MTL_FAST_MATH = YES;
				SDKROOT = iphoneos;
				SWIFT_COMPILATION_MODE = wholemodule;
				SWIFT_OPTIMIZATION_LEVEL = "-O";
				VALIDATE_PRODUCT = YES;
			};
			name = Release;
		};
		49252F75241A7A7200C1A10B /* Debug */ = {
			isa = XCBuildConfiguration;
			buildSettings = {
				ASSETCATALOG_COMPILER_APPICON_NAME = AppIcon;
				CODE_SIGN_STYLE = Automatic;
				DEVELOPMENT_TEAM = GP82W3YVGV;
				INFOPLIST_FILE = "Day 17 - Basic Collection View/Info.plist";
				IPHONEOS_DEPLOYMENT_TARGET = 13.2;
				LD_RUNPATH_SEARCH_PATHS = (
					"$(inherited)",
					"@executable_path/Frameworks",
				);
				PRODUCT_BUNDLE_IDENTIFIER = "com.dusaiphoto.Day-17---Basic-Collection-View";
				PRODUCT_NAME = "$(TARGET_NAME)";
				SWIFT_VERSION = 5.0;
				TARGETED_DEVICE_FAMILY = "1,2";
			};
			name = Debug;
		};
		49252F76241A7A7200C1A10B /* Release */ = {
			isa = XCBuildConfiguration;
			buildSettings = {
				ASSETCATALOG_COMPILER_APPICON_NAME = AppIcon;
				CODE_SIGN_STYLE = Automatic;
				DEVELOPMENT_TEAM = GP82W3YVGV;
				INFOPLIST_FILE = "Day 17 - Basic Collection View/Info.plist";
				IPHONEOS_DEPLOYMENT_TARGET = 13.2;
				LD_RUNPATH_SEARCH_PATHS = (
					"$(inherited)",
					"@executable_path/Frameworks",
				);
				PRODUCT_BUNDLE_IDENTIFIER = "com.dusaiphoto.Day-17---Basic-Collection-View";
				PRODUCT_NAME = "$(TARGET_NAME)";
				SWIFT_VERSION = 5.0;
				TARGETED_DEVICE_FAMILY = "1,2";
			};
			name = Release;
		};
/* End XCBuildConfiguration section */

/* Begin XCConfigurationList section */
		49252F5B241A7A6E00C1A10B /* Build configuration list for PBXProject "Day 17 - Basic Collection View" */ = {
			isa = XCConfigurationList;
			buildConfigurations = (
				49252F72241A7A7200C1A10B /* Debug */,
				49252F73241A7A7200C1A10B /* Release */,
			);
			defaultConfigurationIsVisible = 0;
			defaultConfigurationName = Release;
		};
		49252F74241A7A7200C1A10B /* Build configuration list for PBXNativeTarget "Day 17 - Basic Collection View" */ = {
			isa = XCConfigurationList;
			buildConfigurations = (
				49252F75241A7A7200C1A10B /* Debug */,
				49252F76241A7A7200C1A10B /* Release */,
			);
			defaultConfigurationIsVisible = 0;
			defaultConfigurationName = Release;
		};
/* End XCConfigurationList section */
	};
	rootObject = 49252F58241A7A6E00C1A10B /* Project object */;
}
