// !$*UTF8*$!
{
	archiveVersion = 1;
	classes = {
	};
	objectVersion = 50;
	objects = {

/* Begin PBXBuildFile section */
		494BA0DD241EF4390030D2AA /* AppDelegate.swift in Sources */ = {isa = PBXBuildFile; fileRef = 494BA0DC241EF4390030D2AA /* AppDelegate.swift */; };
		494BA0DF241EF4390030D2AA /* SceneDelegate.swift in Sources */ = {isa = PBXBuildFile; fileRef = 494BA0DE241EF4390030D2AA /* SceneDelegate.swift */; };
		494BA0E1241EF4390030D2AA /* ViewController.swift in Sources */ = {isa = PBXBuildFile; fileRef = 494BA0E0241EF4390030D2AA /* ViewController.swift */; };
		494BA0E4241EF4390030D2AA /* Main.storyboard in Resources */ = {isa = PBXBuildFile; fileRef = 494BA0E2241EF4390030D2AA /* Main.storyboard */; };
		494BA0E6241EF43F0030D2AA /* Assets.xcassets in Resources */ = {isa = PBXBuildFile; fileRef = 494BA0E5241EF43F0030D2AA /* Assets.xcassets */; };
		494BA0E9241EF43F0030D2AA /* LaunchScreen.storyboard in Resources */ = {isa = PBXBuildFile; fileRef = 494BA0E7241EF43F0030D2AA /* LaunchScreen.storyboard */; };
		494BA0F1241F9E790030D2AA /* DrawView.swift in Sources */ = {isa = PBXBuildFile; fileRef = 494BA0F0241F9E790030D2AA /* DrawView.swift */; };
/* End PBXBuildFile section */

/* Begin PBXFileReference section */
		494BA0D9241EF4390030D2AA /* Day 19 - Draw Something.app */ = {isa = PBXFileReference; explicitFileType = wrapper.application; includeInIndex = 0; path = "Day 19 - Draw Something.app"; sourceTree = BUILT_PRODUCTS_DIR; };
		494BA0DC241EF4390030D2AA /* AppDelegate.swift */ = {isa = PBXFileReference; lastKnownFileType = sourcecode.swift; path = AppDelegate.swift; sourceTree = "<group>"; };
		494BA0DE241EF4390030D2AA /* SceneDelegate.swift */ = {isa = PBXFileReference; lastKnownFileType = sourcecode.swift; path = SceneDelegate.swift; sourceTree = "<group>"; };
		494BA0E0241EF4390030D2AA /* ViewController.swift */ = {isa = PBXFileReference; lastKnownFileType = sourcecode.swift; path = ViewController.swift; sourceTree = "<group>"; };
		494BA0E3241EF4390030D2AA /* Base */ = {isa = PBXFileReference; lastKnownFileType = file.storyboard; name = Base; path = Base.lproj/Main.storyboard; sourceTree = "<group>"; };
		494BA0E5241EF43F0030D2AA /* Assets.xcassets */ = {isa = PBXFileReference; lastKnownFileType = folder.assetcatalog; path = Assets.xcassets; sourceTree = "<group>"; };
		494BA0E8241EF43F0030D2AA /* Base */ = {isa = PBXFileReference; lastKnownFileType = file.storyboard; name = Base; path = Base.lproj/LaunchScreen.storyboard; sourceTree = "<group>"; };
		494BA0EA241EF43F0030D2AA /* Info.plist */ = {isa = PBXFileReference; lastKnownFileType = text.plist.xml; path = Info.plist; sourceTree = "<group>"; };
		494BA0F0241F9E790030D2AA /* DrawView.swift */ = {isa = PBXFileReference; lastKnownFileType = sourcecode.swift; path = DrawView.swift; sourceTree = "<group>"; };
/* End PBXFileReference section */

/* Begin PBXFrameworksBuildPhase section */
		494BA0D6241EF4390030D2AA /* Frameworks */ = {
			isa = PBXFrameworksBuildPhase;
			buildActionMask = 2147483647;
			files = (
			);
			runOnlyForDeploymentPostprocessing = 0;
		};
/* End PBXFrameworksBuildPhase section */

/* Begin PBXGroup section */
		494BA0D0241EF4390030D2AA = {
			isa = PBXGroup;
			children = (
				494BA0DB241EF4390030D2AA /* Day 19 - Draw Something */,
				494BA0DA241EF4390030D2AA /* Products */,
			);
			sourceTree = "<group>";
		};
		494BA0DA241EF4390030D2AA /* Products */ = {
			isa = PBXGroup;
			children = (
				494BA0D9241EF4390030D2AA /* Day 19 - Draw Something.app */,
			);
			name = Products;
			sourceTree = "<group>";
		};
		494BA0DB241EF4390030D2AA /* Day 19 - Draw Something */ = {
			isa = PBXGroup;
			children = (
				494BA0DC241EF4390030D2AA /* AppDelegate.swift */,
				494BA0DE241EF4390030D2AA /* SceneDelegate.swift */,
				494BA0E0241EF4390030D2AA /* ViewController.swift */,
				494BA0F0241F9E790030D2AA /* DrawView.swift */,
				494BA0E2241EF4390030D2AA /* Main.storyboard */,
				494BA0E5241EF43F0030D2AA /* Assets.xcassets */,
				494BA0E7241EF43F0030D2AA /* LaunchScreen.storyboard */,
				494BA0EA241EF43F0030D2AA /* Info.plist */,
			);
			path = "Day 19 - Draw Something";
			sourceTree = "<group>";
		};
/* End PBXGroup section */

/* Begin PBXNativeTarget section */
		494BA0D8241EF4390030D2AA /* Day 19 - Draw Something */ = {
			isa = PBXNativeTarget;
			buildConfigurationList = 494BA0ED241EF43F0030D2AA /* Build configuration list for PBXNativeTarget "Day 19 - Draw Something" */;
			buildPhases = (
				494BA0D5241EF4390030D2AA /* Sources */,
				494BA0D6241EF4390030D2AA /* Frameworks */,
				494BA0D7241EF4390030D2AA /* Resources */,
			);
			buildRules = (
			);
			dependencies = (
			);
			name = "Day 19 - Draw Something";
			productName = "Day 19 - Draw Something";
			productReference = 494BA0D9241EF4390030D2AA /* Day 19 - Draw Something.app */;
			productType = "com.apple.product-type.application";
		};
/* End PBXNativeTarget section */

/* Begin PBXProject section */
		494BA0D1241EF4390030D2AA /* Project object */ = {
			isa = PBXProject;
			attributes = {
				LastSwiftUpdateCheck = 1130;
				LastUpgradeCheck = 1130;
				ORGANIZATIONNAME = "Du Sai";
				TargetAttributes = {
					494BA0D8241EF4390030D2AA = {
						CreatedOnToolsVersion = 11.3.1;
					};
				};
			};
			buildConfigurationList = 494BA0D4241EF4390030D2AA /* Build configuration list for PBXProject "Day 19 - Draw Something" */;
			compatibilityVersion = "Xcode 9.3";
			developmentRegion = en;
			hasScannedForEncodings = 0;
			knownRegions = (
				en,
				Base,
			);
			mainGroup = 494BA0D0241EF4390030D2AA;
			productRefGroup = 494BA0DA241EF4390030D2AA /* Products */;
			projectDirPath = "";
			projectRoot = "";
			targets = (
				494BA0D8241EF4390030D2AA /* Day 19 - Draw Something */,
			);
		};
/* End PBXProject section */

/* Begin PBXResourcesBuildPhase section */
		494BA0D7241EF4390030D2AA /* Resources */ = {
			isa = PBXResourcesBuildPhase;
			buildActionMask = 2147483647;
			files = (
				494BA0E9241EF43F0030D2AA /* LaunchScreen.storyboard in Resources */,
				494BA0E6241EF43F0030D2AA /* Assets.xcassets in Resources */,
				494BA0E4241EF4390030D2AA /* Main.storyboard in Resources */,
			);
			runOnlyForDeploymentPostprocessing = 0;
		};
/* End PBXResourcesBuildPhase section */

/* Begin PBXSourcesBuildPhase section */
		494BA0D5241EF4390030D2AA /* Sources */ = {
			isa = PBXSourcesBuildPhase;
			buildActionMask = 2147483647;
			files = (
				494BA0E1241EF4390030D2AA /* ViewController.swift in Sources */,
				494BA0DD241EF4390030D2AA /* AppDelegate.swift in Sources */,
				494BA0F1241F9E790030D2AA /* DrawView.swift in Sources */,
				494BA0DF241EF4390030D2AA /* SceneDelegate.swift in Sources */,
			);
			runOnlyForDeploymentPostprocessing = 0;
		};
/* End PBXSourcesBuildPhase section */

/* Begin PBXVariantGroup section */
		494BA0E2241EF4390030D2AA /* Main.storyboard */ = {
			isa = PBXVariantGroup;
			children = (
				494BA0E3241EF4390030D2AA /* Base */,
			);
			name = Main.storyboard;
			sourceTree = "<group>";
		};
		494BA0E7241EF43F0030D2AA /* LaunchScreen.storyboard */ = {
			isa = PBXVariantGroup;
			children = (
				494BA0E8241EF43F0030D2AA /* Base */,
			);
			name = LaunchScreen.storyboard;
			sourceTree = "<group>";
		};
/* End PBXVariantGroup section */

/* Begin XCBuildConfiguration section */
		494BA0EB241EF43F0030D2AA /* Debug */ = {
			isa = XCBuildConfiguration;
			buildSettings = {
				ALWAYS_SEARCH_USER_PATHS = NO;
				CLANG_ANALYZER_NONNULL = YES;
				CLANG_ANALYZER_NUMBER_OBJECT_CONVERSION = YES_AGGRESSIVE;
				CLANG_CXX_LANGUAGE_STANDARD = "gnu++14";
				CLANG_CXX_LIBRARY = "libc++";
				CLANG_ENABLE_MODULES = YES;
				CLANG_ENABLE_OBJC_ARC = YES;
				CLANG_ENABLE_OBJC_WEAK = YES;
				CLANG_WARN_BLOCK_CAPTURE_AUTORELEASING = YES;
				CLANG_WARN_BOOL_CONVERSION = YES;
				CLANG_WARN_COMMA = YES;
				CLANG_WARN_CONSTANT_CONVERSION = YES;
				CLANG_WARN_DEPRECATED_OBJC_IMPLEMENTATIONS = YES;
				CLANG_WARN_DIRECT_OBJC_ISA_USAGE = YES_ERROR;
				CLANG_WARN_DOCUMENTATION_COMMENTS = YES;
				CLANG_WARN_EMPTY_BODY = YES;
				CLANG_WARN_ENUM_CONVERSION = YES;
				CLANG_WARN_INFINITE_RECURSION = YES;
				CLANG_WARN_INT_CONVERSION = YES;
				CLANG_WARN_NON_LITERAL_NULL_CONVERSION = YES;
				CLANG_WARN_OBJC_IMPLICIT_RETAIN_SELF = YES;
				CLANG_WARN_OBJC_LITERAL_CONVERSION = YES;
				CLANG_WARN_OBJC_ROOT_CLASS = YES_ERROR;
				CLANG_WARN_RANGE_LOOP_ANALYSIS = YES;
				CLANG_WARN_STRICT_PROTOTYPES = YES;
				CLANG_WARN_SUSPICIOUS_MOVE = YES;
				CLANG_WARN_UNGUARDED_AVAILABILITY = YES_AGGRESSIVE;
				CLANG_WARN_UNREACHABLE_CODE = YES;
				CLANG_WARN__DUPLICATE_METHOD_MATCH = YES;
				COPY_PHASE_STRIP = NO;
				DEBUG_INFORMATION_FORMAT = dwarf;
				ENABLE_STRICT_OBJC_MSGSEND = YES;
				ENABLE_TESTABILITY = YES;
				GCC_C_LANGUAGE_STANDARD = gnu11;
				GCC_DYNAMIC_NO_PIC = NO;
				GCC_NO_COMMON_BLOCKS = YES;
				GCC_OPTIMIZATION_LEVEL = 0;
				GCC_PREPROCESSOR_DEFINITIONS = (
					"DEBUG=1",
					"$(inherited)",
				);
				GCC_WARN_64_TO_32_BIT_CONVERSION = YES;
				GCC_WARN_ABOUT_RETURN_TYPE = YES_ERROR;
				GCC_WARN_UNDECLARED_SELECTOR = YES;
				GCC_WARN_UNINITIALIZED_AUTOS = YES_AGGRESSIVE;
				GCC_WARN_UNUSED_FUNCTION = YES;
				GCC_WARN_UNUSED_VARIABLE = YES;
				IPHONEOS_DEPLOYMENT_TARGET = 13.2;
				MTL_ENABLE_DEBUG_INFO = INCLUDE_SOURCE;
				MTL_FAST_MATH = YES;
				ONLY_ACTIVE_ARCH = YES;
				SDKROOT = iphoneos;
				SWIFT_ACTIVE_COMPILATION_CONDITIONS = DEBUG;
				SWIFT_OPTIMIZATION_LEVEL = "-Onone";
			};
			name = Debug;
		};
		494BA0EC241EF43F0030D2AA /* Release */ = {
			isa = XCBuildConfiguration;
			buildSettings = {
				ALWAYS_SEARCH_USER_PATHS = NO;
				CLANG_ANALYZER_NONNULL = YES;
				CLANG_ANALYZER_NUMBER_OBJECT_CONVERSION = YES_AGGRESSIVE;
				CLANG_CXX_LANGUAGE_STANDARD = "gnu++14";
				CLANG_CXX_LIBRARY = "libc++";
				CLANG_ENABLE_MODULES = YES;
				CLANG_ENABLE_OBJC_ARC = YES;
				CLANG_ENABLE_OBJC_WEAK = YES;
				CLANG_WARN_BLOCK_CAPTURE_AUTORELEASING = YES;
				CLANG_WARN_BOOL_CONVERSION = YES;
				CLANG_WARN_COMMA = YES;
				CLANG_WARN_CONSTANT_CONVERSION = YES;
				CLANG_WARN_DEPRECATED_OBJC_IMPLEMENTATIONS = YES;
				CLANG_WARN_DIRECT_OBJC_ISA_USAGE = YES_ERROR;
				CLANG_WARN_DOCUMENTATION_COMMENTS = YES;
				CLANG_WARN_EMPTY_BODY = YES;
				CLANG_WARN_ENUM_CONVERSION = YES;
				CLANG_WARN_INFINITE_RECURSION = YES;
				CLANG_WARN_INT_CONVERSION = YES;
				CLANG_WARN_NON_LITERAL_NULL_CONVERSION = YES;
				CLANG_WARN_OBJC_IMPLICIT_RETAIN_SELF = YES;
				CLANG_WARN_OBJC_LITERAL_CONVERSION = YES;
				CLANG_WARN_OBJC_ROOT_CLASS = YES_ERROR;
				CLANG_WARN_RANGE_LOOP_ANALYSIS = YES;
				CLANG_WARN_STRICT_PROTOTYPES = YES;
				CLANG_WARN_SUSPICIOUS_MOVE = YES;
				CLANG_WARN_UNGUARDED_AVAILABILITY = YES_AGGRESSIVE;
				CLANG_WARN_UNREACHABLE_CODE = YES;
				CLANG_WARN__DUPLICATE_METHOD_MATCH = YES;
				COPY_PHASE_STRIP = NO;
				DEBUG_INFORMATION_FORMAT = "dwarf-with-dsym";
				ENABLE_NS_ASSERTIONS = NO;
				ENABLE_STRICT_OBJC_MSGSEND = YES;
				GCC_C_LANGUAGE_STANDARD = gnu11;
				GCC_NO_COMMON_BLOCKS = YES;
				GCC_WARN_64_TO_32_BIT_CONVERSION = YES;
				GCC_WARN_ABOUT_RETURN_TYPE = YES_ERROR;
				GCC_WARN_UNDECLARED_SELECTOR = YES;
				GCC_WARN_UNINITIALIZED_AUTOS = YES_AGGRESSIVE;
				GCC_WARN_UNUSED_FUNCTION = YES;
				GCC_WARN_UNUSED_VARIABLE = YES;
				IPHONEOS_DEPLOYMENT_TARGET = 13.2;
				MTL_ENABLE_DEBUG_INFO = NO;
				MTL_FAST_MATH = YES;
				SDKROOT = iphoneos;
				SWIFT_COMPILATION_MODE = wholemodule;
				SWIFT_OPTIMIZATION_LEVEL = "-O";
				VALIDATE_PRODUCT = YES;
			};
			name = Release;
		};
		494BA0EE241EF43F0030D2AA /* Debug */ = {
			isa = XCBuildConfiguration;
			buildSettings = {
				ASSETCATALOG_COMPILER_APPICON_NAME = AppIcon;
				CODE_SIGN_STYLE = Automatic;
				DEVELOPMENT_TEAM = GP82W3YVGV;
				INFOPLIST_FILE = "Day 19 - Draw Something/Info.plist";
				LD_RUNPATH_SEARCH_PATHS = (
					"$(inherited)",
					"@executable_path/Frameworks",
				);
				PRODUCT_BUNDLE_IDENTIFIER = "com.dusaiphoto.Day-19---Draw-Something";
				PRODUCT_NAME = "$(TARGET_NAME)";
				SWIFT_VERSION = 5.0;
				TARGETED_DEVICE_FAMILY = "1,2";
			};
			name = Debug;
		};
		494BA0EF241EF43F0030D2AA /* Release */ = {
			isa = XCBuildConfiguration;
			buildSettings = {
				ASSETCATALOG_COMPILER_APPICON_NAME = AppIcon;
				CODE_SIGN_STYLE = Automatic;
				DEVELOPMENT_TEAM = GP82W3YVGV;
				INFOPLIST_FILE = "Day 19 - Draw Something/Info.plist";
				LD_RUNPATH_SEARCH_PATHS = (
					"$(inherited)",
					"@executable_path/Frameworks",
				);
				PRODUCT_BUNDLE_IDENTIFIER = "com.dusaiphoto.Day-19---Draw-Something";
				PRODUCT_NAME = "$(TARGET_NAME)";
				SWIFT_VERSION = 5.0;
				TARGETED_DEVICE_FAMILY = "1,2";
			};
			name = Release;
		};
/* End XCBuildConfiguration section */

/* Begin XCConfigurationList section */
		494BA0D4241EF4390030D2AA /* Build configuration list for PBXProject "Day 19 - Draw Something" */ = {
			isa = XCConfigurationList;
			buildConfigurations = (
				494BA0EB241EF43F0030D2AA /* Debug */,
				494BA0EC241EF43F0030D2AA /* Release */,
			);
			defaultConfigurationIsVisible = 0;
			defaultConfigurationName = Release;
		};
		494BA0ED241EF43F0030D2AA /* Build configuration list for PBXNativeTarget "Day 19 - Draw Something" */ = {
			isa = XCConfigurationList;
			buildConfigurations = (
				494BA0EE241EF43F0030D2AA /* Debug */,
				494BA0EF241EF43F0030D2AA /* Release */,
			);
			defaultConfigurationIsVisible = 0;
			defaultConfigurationName = Release;
		};
/* End XCConfigurationList section */
	};
	rootObject = 494BA0D1241EF4390030D2AA /* Project object */;
}
